
Microsoft Visual Studio Solution File, Format Version 12.00
# Visual Studio Version 18
VisualStudioVersion = 18.0.11217.181
MinimumVisualStudioVersion = 10.0.40219.1
Project("{FAE04EC0-301F-11D3-BF4B-00C04F79EFBC}") = "AppBridge.WinMerge", "AppBridge.WinMerge\AppBridge.WinMerge.csproj", "{73AB1B6B-5109-4424-8009-758624E7CE9C}"
EndProject
Project("{FAE04EC0-301F-11D3-BF4B-00C04F79EFBC}") = "AppBridge.WinMerge.Tests", "AppBridge.WinMerge.Tests\AppBridge.WinMerge.Tests.csproj", "{5235A846-5EBF-4762-9568-B6D37021E61C}"
EndProject
Project("{FAE04EC0-301F-11D3-BF4B-00C04F79EFBC}") = "AppBridge.VsCode", "AppBridge.VsCode\AppBridge.VsCode.csproj", "{E99039F2-2E79-4D1E-8D7F-84F124719E35}"
EndProject
Project("{FAE04EC0-301F-11D3-BF4B-00C04F79EFBC}") = "AppBridge.VsCode.Tests", "AppBridge.VsCode.Tests\AppBridge.VsCode.Tests.csproj", "{B5B2D132-6105-426A-9C78-00FAFDF75D19}"
EndProject
Project("{FAE04EC0-301F-11D3-BF4B-00C04F79EFBC}") = "SharedTestData", "SharedTestData\SharedTestData.csproj", "{ED07AAC6-6E13-4819-9882-D354652F174E}"
EndProject
Project("{FAE04EC0-301F-11D3-BF4B-00C04F79EFBC}") = "AppBridge.NotepadPlusPlus", "AppBridge.NotepadPlusPlus\AppBridge.NotepadPlusPlus.csproj", "{706A658B-A470-491C-844E-5692F8431016}"
EndProject
Project("{FAE04EC0-301F-11D3-BF4B-00C04F79EFBC}") = "AppBridge.NotepadPlusPlus.Tests", "AppBridge.NotepadPlusPlus.Tests\AppBridge.NotepadPlusPlus.Tests.csproj", "{92CBF5A4-6E4D-4C45-89C3-05294CD969B4}"
EndProject
Project("{FAE04EC0-301F-11D3-BF4B-00C04F79EFBC}") = "AppBridge.Linux", "AppBridge.Linux\AppBridge.Linux.csproj", "{9D6BD3FD-00FA-4513-880A-914B62123FE3}"
EndProject
Project("{FAE04EC0-301F-11D3-BF4B-00C04F79EFBC}") = "AppBridge.Linux.Tests", "AppBridge.Linux.Tests\AppBridge.Linux.Tests.csproj", "{F117E843-00F3-42E3-B8F8-E86DDB59FC59}"
EndProject
Project("{FAE04EC0-301F-11D3-BF4B-00C04F79EFBC}") = "AppBridge.Windows", "AppBridge.Windows\AppBridge.Windows.csproj", "{C5F76E51-D64C-4382-990C-55BD206789B4}"
EndProject
Project("{FAE04EC0-301F-11D3-BF4B-00C04F79EFBC}") = "AppBridge.Windows.Tests", "AppBridge.Windows.Tests\AppBridge.Windows.Tests.csproj", "{8024F875-9596-4A5C-A998-A2EBD7991FDC}"
EndProject
Global
	GlobalSection(SolutionConfigurationPlatforms) = preSolution
		Debug|Any CPU = Debug|Any CPU
		Debug|x64 = Debug|x64
		Debug|x86 = Debug|x86
		Release|Any CPU = Release|Any CPU
		Release|x64 = Release|x64
		Release|x86 = Release|x86
	EndGlobalSection
	GlobalSection(ProjectConfigurationPlatforms) = postSolution
		{73AB1B6B-5109-4424-8009-758624E7CE9C}.Debug|Any CPU.ActiveCfg = Debug|Any CPU
		{73AB1B6B-5109-4424-8009-758624E7CE9C}.Debug|Any CPU.Build.0 = Debug|Any CPU
		{73AB1B6B-5109-4424-8009-758624E7CE9C}.Debug|x64.ActiveCfg = Debug|Any CPU
		{73AB1B6B-5109-4424-8009-758624E7CE9C}.Debug|x64.Build.0 = Debug|Any CPU
		{73AB1B6B-5109-4424-8009-758624E7CE9C}.Debug|x86.ActiveCfg = Debug|Any CPU
		{73AB1B6B-5109-4424-8009-758624E7CE9C}.Debug|x86.Build.0 = Debug|Any CPU
		{73AB1B6B-5109-4424-8009-758624E7CE9C}.Release|Any CPU.ActiveCfg = Release|Any CPU
		{73AB1B6B-5109-4424-8009-758624E7CE9C}.Release|Any CPU.Build.0 = Release|Any CPU
		{73AB1B6B-5109-4424-8009-758624E7CE9C}.Release|x64.ActiveCfg = Release|Any CPU
		{73AB1B6B-5109-4424-8009-758624E7CE9C}.Release|x64.Build.0 = Release|Any CPU
		{73AB1B6B-5109-4424-8009-758624E7CE9C}.Release|x86.ActiveCfg = Release|Any CPU
		{73AB1B6B-5109-4424-8009-758624E7CE9C}.Release|x86.Build.0 = Release|Any CPU
		{5235A846-5EBF-4762-9568-B6D37021E61C}.Debug|Any CPU.ActiveCfg = Debug|Any CPU
		{5235A846-5EBF-4762-9568-B6D37021E61C}.Debug|Any CPU.Build.0 = Debug|Any CPU
		{5235A846-5EBF-4762-9568-B6D37021E61C}.Debug|x64.ActiveCfg = Debug|Any CPU
		{5235A846-5EBF-4762-9568-B6D37021E61C}.Debug|x64.Build.0 = Debug|Any CPU
		{5235A846-5EBF-4762-9568-B6D37021E61C}.Debug|x86.ActiveCfg = Debug|Any CPU
		{5235A846-5EBF-4762-9568-B6D37021E61C}.Debug|x86.Build.0 = Debug|Any CPU
		{5235A846-5EBF-4762-9568-B6D37021E61C}.Release|Any CPU.ActiveCfg = Release|Any CPU
		{5235A846-5EBF-4762-9568-B6D37021E61C}.Release|Any CPU.Build.0 = Release|Any CPU
		{5235A846-5EBF-4762-9568-B6D37021E61C}.Release|x64.ActiveCfg = Release|Any CPU
		{5235A846-5EBF-4762-9568-B6D37021E61C}.Release|x64.Build.0 = Release|Any CPU
		{5235A846-5EBF-4762-9568-B6D37021E61C}.Release|x86.ActiveCfg = Release|Any CPU
		{5235A846-5EBF-4762-9568-B6D37021E61C}.Release|x86.Build.0 = Release|Any CPU
		{E99039F2-2E79-4D1E-8D7F-84F124719E35}.Debug|Any CPU.ActiveCfg = Debug|Any CPU
		{E99039F2-2E79-4D1E-8D7F-84F124719E35}.Debug|Any CPU.Build.0 = Debug|Any CPU
		{E99039F2-2E79-4D1E-8D7F-84F124719E35}.Debug|x64.ActiveCfg = Debug|Any CPU
		{E99039F2-2E79-4D1E-8D7F-84F124719E35}.Debug|x64.Build.0 = Debug|Any CPU
		{E99039F2-2E79-4D1E-8D7F-84F124719E35}.Debug|x86.ActiveCfg = Debug|Any CPU
		{E99039F2-2E79-4D1E-8D7F-84F124719E35}.Debug|x86.Build.0 = Debug|Any CPU
		{E99039F2-2E79-4D1E-8D7F-84F124719E35}.Release|Any CPU.ActiveCfg = Release|Any CPU
		{E99039F2-2E79-4D1E-8D7F-84F124719E35}.Release|Any CPU.Build.0 = Release|Any CPU
		{E99039F2-2E79-4D1E-8D7F-84F124719E35}.Release|x64.ActiveCfg = Release|Any CPU
		{E99039F2-2E79-4D1E-8D7F-84F124719E35}.Release|x64.Build.0 = Release|Any CPU
		{E99039F2-2E79-4D1E-8D7F-84F124719E35}.Release|x86.ActiveCfg = Release|Any CPU
		{E99039F2-2E79-4D1E-8D7F-84F124719E35}.Release|x86.Build.0 = Release|Any CPU
		{B5B2D132-6105-426A-9C78-00FAFDF75D19}.Debug|Any CPU.ActiveCfg = Debug|Any CPU
		{B5B2D132-6105-426A-9C78-00FAFDF75D19}.Debug|Any CPU.Build.0 = Debug|Any CPU
		{B5B2D132-6105-426A-9C78-00FAFDF75D19}.Debug|x64.ActiveCfg = Debug|Any CPU
		{B5B2D132-6105-426A-9C78-00FAFDF75D19}.Debug|x64.Build.0 = Debug|Any CPU
		{B5B2D132-6105-426A-9C78-00FAFDF75D19}.Debug|x86.ActiveCfg = Debug|Any CPU
		{B5B2D132-6105-426A-9C78-00FAFDF75D19}.Debug|x86.Build.0 = Debug|Any CPU
		{B5B2D132-6105-426A-9C78-00FAFDF75D19}.Release|Any CPU.ActiveCfg = Release|Any CPU
		{B5B2D132-6105-426A-9C78-00FAFDF75D19}.Release|Any CPU.Build.0 = Release|Any CPU
		{B5B2D132-6105-426A-9C78-00FAFDF75D19}.Release|x64.ActiveCfg = Release|Any CPU
		{B5B2D132-6105-426A-9C78-00FAFDF75D19}.Release|x64.Build.0 = Release|Any CPU
		{B5B2D132-6105-426A-9C78-00FAFDF75D19}.Release|x86.ActiveCfg = Release|Any CPU
		{B5B2D132-6105-426A-9C78-00FAFDF75D19}.Release|x86.Build.0 = Release|Any CPU
		{ED07AAC6-6E13-4819-9882-D354652F174E}.Debug|Any CPU.ActiveCfg = Debug|Any CPU
		{ED07AAC6-6E13-4819-9882-D354652F174E}.Debug|Any CPU.Build.0 = Debug|Any CPU
		{ED07AAC6-6E13-4819-9882-D354652F174E}.Debug|x64.ActiveCfg = Debug|Any CPU
		{ED07AAC6-6E13-4819-9882-D354652F174E}.Debug|x64.Build.0 = Debug|Any CPU
		{ED07AAC6-6E13-4819-9882-D354652F174E}.Debug|x86.ActiveCfg = Debug|Any CPU
		{ED07AAC6-6E13-4819-9882-D354652F174E}.Debug|x86.Build.0 = Debug|Any CPU
		{ED07AAC6-6E13-4819-9882-D354652F174E}.Release|Any CPU.ActiveCfg = Release|Any CPU
		{ED07AAC6-6E13-4819-9882-D354652F174E}.Release|Any CPU.Build.0 = Release|Any CPU
		{ED07AAC6-6E13-4819-9882-D354652F174E}.Release|x64.ActiveCfg = Release|Any CPU
		{ED07AAC6-6E13-4819-9882-D354652F174E}.Release|x64.Build.0 = Release|Any CPU
		{ED07AAC6-6E13-4819-9882-D354652F174E}.Release|x86.ActiveCfg = Release|Any CPU
		{ED07AAC6-6E13-4819-9882-D354652F174E}.Release|x86.Build.0 = Release|Any CPU
		{706A658B-A470-491C-844E-5692F8431016}.Debug|Any CPU.ActiveCfg = Debug|Any CPU
		{706A658B-A470-491C-844E-5692F8431016}.Debug|Any CPU.Build.0 = Debug|Any CPU
		{706A658B-A470-491C-844E-5692F8431016}.Debug|x64.ActiveCfg = Debug|Any CPU
		{706A658B-A470-491C-844E-5692F8431016}.Debug|x64.Build.0 = Debug|Any CPU
		{706A658B-A470-491C-844E-5692F8431016}.Debug|x86.ActiveCfg = Debug|Any CPU
		{706A658B-A470-491C-844E-5692F8431016}.Debug|x86.Build.0 = Debug|Any CPU
		{706A658B-A470-491C-844E-5692F8431016}.Release|Any CPU.ActiveCfg = Release|Any CPU
		{706A658B-A470-491C-844E-5692F8431016}.Release|Any CPU.Build.0 = Release|Any CPU
		{706A658B-A470-491C-844E-5692F8431016}.Release|x64.ActiveCfg = Release|Any CPU
		{706A658B-A470-491C-844E-5692F8431016}.Release|x64.Build.0 = Release|Any CPU
		{706A658B-A470-491C-844E-5692F8431016}.Release|x86.ActiveCfg = Release|Any CPU
		{706A658B-A470-491C-844E-5692F8431016}.Release|x86.Build.0 = Release|Any CPU
		{92CBF5A4-6E4D-4C45-89C3-05294CD969B4}.Debug|Any CPU.ActiveCfg = Debug|Any CPU
		{92CBF5A4-6E4D-4C45-89C3-05294CD969B4}.Debug|Any CPU.Build.0 = Debug|Any CPU
		{92CBF5A4-6E4D-4C45-89C3-05294CD969B4}.Debug|x64.ActiveCfg = Debug|Any CPU
		{92CBF5A4-6E4D-4C45-89C3-05294CD969B4}.Debug|x64.Build.0 = Debug|Any CPU
		{92CBF5A4-6E4D-4C45-89C3-05294CD969B4}.Debug|x86.ActiveCfg = Debug|Any CPU
		{92CBF5A4-6E4D-4C45-89C3-05294CD969B4}.Debug|x86.Build.0 = Debug|Any CPU
		{92CBF5A4-6E4D-4C45-89C3-05294CD969B4}.Release|Any CPU.ActiveCfg = Release|Any CPU
		{92CBF5A4-6E4D-4C45-89C3-05294CD969B4}.Release|Any CPU.Build.0 = Release|Any CPU
		{92CBF5A4-6E4D-4C45-89C3-05294CD969B4}.Release|x64.ActiveCfg = Release|Any CPU
		{92CBF5A4-6E4D-4C45-89C3-05294CD969B4}.Release|x64.Build.0 = Release|Any CPU
		{92CBF5A4-6E4D-4C45-89C3-05294CD969B4}.Release|x86.ActiveCfg = Release|Any CPU
		{92CBF5A4-6E4D-4C45-89C3-05294CD969B4}.Release|x86.Build.0 = Release|Any CPU
		{9D6BD3FD-00FA-4513-880A-914B62123FE3}.Debug|Any CPU.ActiveCfg = Debug|Any CPU
		{9D6BD3FD-00FA-4513-880A-914B62123FE3}.Debug|Any CPU.Build.0 = Debug|Any CPU
		{9D6BD3FD-00FA-4513-880A-914B62123FE3}.Debug|x64.ActiveCfg = Debug|Any CPU
		{9D6BD3FD-00FA-4513-880A-914B62123FE3}.Debug|x64.Build.0 = Debug|Any CPU
		{9D6BD3FD-00FA-4513-880A-914B62123FE3}.Debug|x86.ActiveCfg = Debug|Any CPU
		{9D6BD3FD-00FA-4513-880A-914B62123FE3}.Debug|x86.Build.0 = Debug|Any CPU
		{9D6BD3FD-00FA-4513-880A-914B62123FE3}.Release|Any CPU.ActiveCfg = Release|Any CPU
		{9D6BD3FD-00FA-4513-880A-914B62123FE3}.Release|Any CPU.Build.0 = Release|Any CPU
		{9D6BD3FD-00FA-4513-880A-914B62123FE3}.Release|x64.ActiveCfg = Release|Any CPU
		{9D6BD3FD-00FA-4513-880A-914B62123FE3}.Release|x64.Build.0 = Release|Any CPU
		{9D6BD3FD-00FA-4513-880A-914B62123FE3}.Release|x86.ActiveCfg = Release|Any CPU
		{9D6BD3FD-00FA-4513-880A-914B62123FE3}.Release|x86.Build.0 = Release|Any CPU
		{F117E843-00F3-42E3-B8F8-E86DDB59FC59}.Debug|Any CPU.ActiveCfg = Debug|Any CPU
		{F117E843-00F3-42E3-B8F8-E86DDB59FC59}.Debug|Any CPU.Build.0 = Debug|Any CPU
		{F117E843-00F3-42E3-B8F8-E86DDB59FC59}.Debug|x64.ActiveCfg = Debug|Any CPU
		{F117E843-00F3-42E3-B8F8-E86DDB59FC59}.Debug|x64.Build.0 = Debug|Any CPU
		{F117E843-00F3-42E3-B8F8-E86DDB59FC59}.Debug|x86.ActiveCfg = Debug|Any CPU
		{F117E843-00F3-42E3-B8F8-E86DDB59FC59}.Debug|x86.Build.0 = Debug|Any CPU
		{F117E843-00F3-42E3-B8F8-E86DDB59FC59}.Release|Any CPU.ActiveCfg = Release|Any CPU
		{F117E843-00F3-42E3-B8F8-E86DDB59FC59}.Release|Any CPU.Build.0 = Release|Any CPU
		{F117E843-00F3-42E3-B8F8-E86DDB59FC59}.Release|x64.ActiveCfg = Release|Any CPU
		{F117E843-00F3-42E3-B8F8-E86DDB59FC59}.Release|x64.Build.0 = Release|Any CPU
		{F117E843-00F3-42E3-B8F8-E86DDB59FC59}.Release|x86.ActiveCfg = Release|Any CPU
		{F117E843-00F3-42E3-B8F8-E86DDB59FC59}.Release|x86.Build.0 = Release|Any CPU
		{C5F76E51-D64C-4382-990C-55BD206789B4}.Debug|Any CPU.ActiveCfg = Debug|Any CPU
		{C5F76E51-D64C-4382-990C-55BD206789B4}.Debug|Any CPU.Build.0 = Debug|Any CPU
		{C5F76E51-D64C-4382-990C-55BD206789B4}.Debug|x64.ActiveCfg = Debug|Any CPU
		{C5F76E51-D64C-4382-990C-55BD206789B4}.Debug|x64.Build.0 = Debug|Any CPU
		{C5F76E51-D64C-4382-990C-55BD206789B4}.Debug|x86.ActiveCfg = Debug|Any CPU
		{C5F76E51-D64C-4382-990C-55BD206789B4}.Debug|x86.Build.0 = Debug|Any CPU
		{C5F76E51-D64C-4382-990C-55BD206789B4}.Release|Any CPU.ActiveCfg = Release|Any CPU
		{C5F76E51-D64C-4382-990C-55BD206789B4}.Release|Any CPU.Build.0 = Release|Any CPU
		{C5F76E51-D64C-4382-990C-55BD206789B4}.Release|x64.ActiveCfg = Release|Any CPU
		{C5F76E51-D64C-4382-990C-55BD206789B4}.Release|x64.Build.0 = Release|Any CPU
		{C5F76E51-D64C-4382-990C-55BD206789B4}.Release|x86.ActiveCfg = Release|Any CPU
		{C5F76E51-D64C-4382-990C-55BD206789B4}.Release|x86.Build.0 = Release|Any CPU
		{8024F875-9596-4A5C-A998-A2EBD7991FDC}.Debug|Any CPU.ActiveCfg = Debug|Any CPU
		{8024F875-9596-4A5C-A998-A2EBD7991FDC}.Debug|Any CPU.Build.0 = Debug|Any CPU
		{8024F875-9596-4A5C-A998-A2EBD7991FDC}.Debug|x64.ActiveCfg = Debug|Any CPU
		{8024F875-9596-4A5C-A998-A2EBD7991FDC}.Debug|x64.Build.0 = Debug|Any CPU
		{8024F875-9596-4A5C-A998-A2EBD7991FDC}.Debug|x86.ActiveCfg = Debug|Any CPU
		{8024F875-9596-4A5C-A998-A2EBD7991FDC}.Debug|x86.Build.0 = Debug|Any CPU
		{8024F875-9596-4A5C-A998-A2EBD7991FDC}.Release|Any CPU.ActiveCfg = Release|Any CPU
		{8024F875-9596-4A5C-A998-A2EBD7991FDC}.Release|Any CPU.Build.0 = Release|Any CPU
		{8024F875-9596-4A5C-A998-A2EBD7991FDC}.Release|x64.ActiveCfg = Release|Any CPU
		{8024F875-9596-4A5C-A998-A2EBD7991FDC}.Release|x64.Build.0 = Release|Any CPU
		{8024F875-9596-4A5C-A998-A2EBD7991FDC}.Release|x86.ActiveCfg = Release|Any CPU
		{8024F875-9596-4A5C-A998-A2EBD7991FDC}.Release|x86.Build.0 = Release|Any CPU
	EndGlobalSection
	GlobalSection(SolutionProperties) = preSolution
		HideSolutionNode = FALSE
	EndGlobalSection
	GlobalSection(ExtensibilityGlobals) = postSolution
		SolutionGuid = {953E4E80-CC9A-483C-9D51-C7C6BC010E5F}
	EndGlobalSection
EndGlobal
